// !$*UTF8*$!
{
	archiveVersion = 1;
	classes = {
	};
	objectVersion = 50;
	objects = {

/* Begin PBXBuildFile section */
		642BCFE923607BC300125694 /* AppDelegate.swift in Sources */ = {isa = PBXBuildFile; fileRef = 642BCFE823607BC300125694 /* AppDelegate.swift */; };
		642BCFEB23607BC300125694 /* SceneDelegate.swift in Sources */ = {isa = PBXBuildFile; fileRef = 642BCFEA23607BC300125694 /* SceneDelegate.swift */; };
		642BCFF023607BC300125694 /* Main.storyboard in Resources */ = {isa = PBXBuildFile; fileRef = 642BCFEE23607BC300125694 /* Main.storyboard */; };
		642BCFF223607BC400125694 /* Assets.xcassets in Resources */ = {isa = PBXBuildFile; fileRef = 642BCFF123607BC400125694 /* Assets.xcassets */; };
		642BCFF523607BC400125694 /* LaunchScreen.storyboard in Resources */ = {isa = PBXBuildFile; fileRef = 642BCFF323607BC400125694 /* LaunchScreen.storyboard */; };
		642BCFFD236085F600125694 /* gameViewController.swift in Sources */ = {isa = PBXBuildFile; fileRef = 642BCFFC236085F600125694 /* gameViewController.swift */; };
		642BCFFF2360871F00125694 /* guessCell.swift in Sources */ = {isa = PBXBuildFile; fileRef = 642BCFFE2360871F00125694 /* guessCell.swift */; };
/* End PBXBuildFile section */

/* Begin PBXFileReference section */
		642BCFE523607BC300125694 /* mastermind.app */ = {isa = PBXFileReference; explicitFileType = wrapper.application; includeInIndex = 0; path = mastermind.app; sourceTree = BUILT_PRODUCTS_DIR; };
		642BCFE823607BC300125694 /* AppDelegate.swift */ = {isa = PBXFileReference; lastKnownFileType = sourcecode.swift; path = AppDelegate.swift; sourceTree = "<group>"; };
		642BCFEA23607BC300125694 /* SceneDelegate.swift */ = {isa = PBXFileReference; lastKnownFileType = sourcecode.swift; path = SceneDelegate.swift; sourceTree = "<group>"; };
		642BCFEF23607BC300125694 /* Base */ = {isa = PBXFileReference; lastKnownFileType = file.storyboard; name = Base; path = Base.lproj/Main.storyboard; sourceTree = "<group>"; };
		642BCFF123607BC400125694 /* Assets.xcassets */ = {isa = PBXFileReference; lastKnownFileType = folder.assetcatalog; path = Assets.xcassets; sourceTree = "<group>"; };
		642BCFF423607BC400125694 /* Base */ = {isa = PBXFileReference; lastKnownFileType = file.storyboard; name = Base; path = Base.lproj/LaunchScreen.storyboard; sourceTree = "<group>"; };
		642BCFF623607BC400125694 /* Info.plist */ = {isa = PBXFileReference; lastKnownFileType = text.plist.xml; path = Info.plist; sourceTree = "<group>"; };
		642BCFFC236085F600125694 /* gameViewController.swift */ = {isa = PBXFileReference; lastKnownFileType = sourcecode.swift; path = gameViewController.swift; sourceTree = "<group>"; };
		642BCFFE2360871F00125694 /* guessCell.swift */ = {isa = PBXFileReference; lastKnownFileType = sourcecode.swift; path = guessCell.swift; sourceTree = "<group>"; };
/* End PBXFileReference section */

/* Begin PBXFrameworksBuildPhase section */
		642BCFE223607BC300125694 /* Frameworks */ = {
			isa = PBXFrameworksBuildPhase;
			buildActionMask = 2147483647;
			files = (
			);
			runOnlyForDeploymentPostprocessing = 0;
		};
/* End PBXFrameworksBuildPhase section */

/* Begin PBXGroup section */
		642BCFDC23607BC300125694 = {
			isa = PBXGroup;
			children = (
				642BCFFC236085F600125694 /* gameViewController.swift */,
				642BCFFE2360871F00125694 /* guessCell.swift */,
				642BCFE723607BC300125694 /* mastermind */,
				642BCFE623607BC300125694 /* Products */,
			);
			sourceTree = "<group>";
		};
		642BCFE623607BC300125694 /* Products */ = {
			isa = PBXGroup;
			children = (
				642BCFE523607BC300125694 /* mastermind.app */,
			);
			name = Products;
			sourceTree = "<group>";
		};
		642BCFE723607BC300125694 /* mastermind */ = {
			isa = PBXGroup;
			children = (
				642BCFE823607BC300125694 /* AppDelegate.swift */,
				642BCFEA23607BC300125694 /* SceneDelegate.swift */,
				642BCFEE23607BC300125694 /* Main.storyboard */,
				642BCFF123607BC400125694 /* Assets.xcassets */,
				642BCFF323607BC400125694 /* LaunchScreen.storyboard */,
				642BCFF623607BC400125694 /* Info.plist */,
			);
			path = mastermind;
			sourceTree = "<group>";
		};
/* End PBXGroup section */

/* Begin PBXNativeTarget section */
		642BCFE423607BC300125694 /* mastermind */ = {
			isa = PBXNativeTarget;
			buildConfigurationList = 642BCFF923607BC400125694 /* Build configuration list for PBXNativeTarget "mastermind" */;
			buildPhases = (
				642BCFE123607BC300125694 /* Sources */,
				642BCFE223607BC300125694 /* Frameworks */,
				642BCFE323607BC300125694 /* Resources */,
			);
			buildRules = (
			);
			dependencies = (
			);
			name = mastermind;
			productName = mastermind;
			productReference = 642BCFE523607BC300125694 /* mastermind.app */;
			productType = "com.apple.product-type.application";
		};
/* End PBXNativeTarget section */

/* Begin PBXProject section */
		642BCFDD23607BC300125694 /* Project object */ = {
			isa = PBXProject;
			attributes = {
				LastSwiftUpdateCheck = 1100;
				LastUpgradeCheck = 1100;
				ORGANIZATIONNAME = andrewlawler;
				TargetAttributes = {
					642BCFE423607BC300125694 = {
						CreatedOnToolsVersion = 11.0;
					};
				};
			};
			buildConfigurationList = 642BCFE023607BC300125694 /* Build configuration list for PBXProject "mastermind" */;
			compatibilityVersion = "Xcode 9.3";
			developmentRegion = en;
			hasScannedForEncodings = 0;
			knownRegions = (
				en,
				Base,
			);
			mainGroup = 642BCFDC23607BC300125694;
			productRefGroup = 642BCFE623607BC300125694 /* Products */;
			projectDirPath = "";
			projectRoot = "";
			targets = (
				642BCFE423607BC300125694 /* mastermind */,
			);
		};
/* End PBXProject section */

/* Begin PBXResourcesBuildPhase section */
		642BCFE323607BC300125694 /* Resources */ = {
			isa = PBXResourcesBuildPhase;
			buildActionMask = 2147483647;
			files = (
				642BCFF523607BC400125694 /* LaunchScreen.storyboard in Resources */,
				642BCFF223607BC400125694 /* Assets.xcassets in Resources */,
				642BCFF023607BC300125694 /* Main.storyboard in Resources */,
			);
			runOnlyForDeploymentPostprocessing = 0;
		};
/* End PBXResourcesBuildPhase section */

/* Begin PBXSourcesBuildPhase section */
		642BCFE123607BC300125694 /* Sources */ = {
			isa = PBXSourcesBuildPhase;
			buildActionMask = 2147483647;
			files = (
				642BCFFD236085F600125694 /* gameViewController.swift in Sources */,
				642BCFFF2360871F00125694 /* guessCell.swift in Sources */,
				642BCFE923607BC300125694 /* AppDelegate.swift in Sources */,
				642BCFEB23607BC300125694 /* SceneDelegate.swift in Sources */,
			);
			runOnlyForDeploymentPostprocessing = 0;
		};
/* End PBXSourcesBuildPhase section */

/* Begin PBXVariantGroup section */
		642BCFEE23607BC300125694 /* Main.storyboard */ = {
			isa = PBXVariantGroup;
			children = (
				642BCFEF23607BC300125694 /* Base */,
			);
			name = Main.storyboard;
			sourceTree = "<group>";
		};
		642BCFF323607BC400125694 /* LaunchScreen.storyboard */ = {
			isa = PBXVariantGroup;
			children = (
				642BCFF423607BC400125694 /* Base */,
			);
			name = LaunchScreen.storyboard;
			sourceTree = "<group>";
		};
/* End PBXVariantGroup section */

/* Begin XCBuildConfiguration section */
		642BCFF723607BC400125694 /* Debug */ = {
			isa = XCBuildConfiguration;
			buildSettings = {
				ALWAYS_SEARCH_USER_PATHS = NO;
				CLANG_ANALYZER_NONNULL = YES;
				CLANG_ANALYZER_NUMBER_OBJECT_CONVERSION = YES_AGGRESSIVE;
				CLANG_CXX_LANGUAGE_STANDARD = "gnu++14";
				CLANG_CXX_LIBRARY = "libc++";
				CLANG_ENABLE_MODULES = YES;
				CLANG_ENABLE_OBJC_ARC = YES;
				CLANG_ENABLE_OBJC_WEAK = YES;
				CLANG_WARN_BLOCK_CAPTURE_AUTORELEASING = YES;
				CLANG_WARN_BOOL_CONVERSION = YES;
				CLANG_WARN_COMMA = YES;
				CLANG_WARN_CONSTANT_CONVERSION = YES;
				CLANG_WARN_DEPRECATED_OBJC_IMPLEMENTATIONS = YES;
				CLANG_WARN_DIRECT_OBJC_ISA_USAGE = YES_ERROR;
				CLANG_WARN_DOCUMENTATION_COMMENTS = YES;
				CLANG_WARN_EMPTY_BODY = YES;
				CLANG_WARN_ENUM_CONVERSION = YES;
				CLANG_WARN_INFINITE_RECURSION = YES;
				CLANG_WARN_INT_CONVERSION = YES;
				CLANG_WARN_NON_LITERAL_NULL_CONVERSION = YES;
				CLANG_WARN_OBJC_IMPLICIT_RETAIN_SELF = YES;
				CLANG_WARN_OBJC_LITERAL_CONVERSION = YES;
				CLANG_WARN_OBJC_ROOT_CLASS = YES_ERROR;
				CLANG_WARN_RANGE_LOOP_ANALYSIS = YES;
				CLANG_WARN_STRICT_PROTOTYPES = YES;
				CLANG_WARN_SUSPICIOUS_MOVE = YES;
				CLANG_WARN_UNGUARDED_AVAILABILITY = YES_AGGRESSIVE;
				CLANG_WARN_UNREACHABLE_CODE = YES;
				CLANG_WARN__DUPLICATE_METHOD_MATCH = YES;
				COPY_PHASE_STRIP = NO;
				DEBUG_INFORMATION_FORMAT = dwarf;
				ENABLE_STRICT_OBJC_MSGSEND = YES;
				ENABLE_TESTABILITY = YES;
				GCC_C_LANGUAGE_STANDARD = gnu11;
				GCC_DYNAMIC_NO_PIC = NO;
				GCC_NO_COMMON_BLOCKS = YES;
				GCC_OPTIMIZATION_LEVEL = 0;
				GCC_PREPROCESSOR_DEFINITIONS = (
					"DEBUG=1",
					"$(inherited)",
				);
				GCC_WARN_64_TO_32_BIT_CONVERSION = YES;
				GCC_WARN_ABOUT_RETURN_TYPE = YES_ERROR;
				GCC_WARN_UNDECLARED_SELECTOR = YES;
				GCC_WARN_UNINITIALIZED_AUTOS = YES_AGGRESSIVE;
				GCC_WARN_UNUSED_FUNCTION = YES;
				GCC_WARN_UNUSED_VARIABLE = YES;
				IPHONEOS_DEPLOYMENT_TARGET = 13.0;
				MTL_ENABLE_DEBUG_INFO = INCLUDE_SOURCE;
				MTL_FAST_MATH = YES;
				ONLY_ACTIVE_ARCH = YES;
				SDKROOT = iphoneos;
				SWIFT_ACTIVE_COMPILATION_CONDITIONS = DEBUG;
				SWIFT_OPTIMIZATION_LEVEL = "-Onone";
			};
			name = Debug;
		};
		642BCFF823607BC400125694 /* Release */ = {
			isa = XCBuildConfiguration;
			buildSettings = {
				ALWAYS_SEARCH_USER_PATHS = NO;
				CLANG_ANALYZER_NONNULL = YES;
				CLANG_ANALYZER_NUMBER_OBJECT_CONVERSION = YES_AGGRESSIVE;
				CLANG_CXX_LANGUAGE_STANDARD = "gnu++14";
				CLANG_CXX_LIBRARY = "libc++";
				CLANG_ENABLE_MODULES = YES;
				CLANG_ENABLE_OBJC_ARC = YES;
				CLANG_ENABLE_OBJC_WEAK = YES;
				CLANG_WARN_BLOCK_CAPTURE_AUTORELEASING = YES;
				CLANG_WARN_BOOL_CONVERSION = YES;
				CLANG_WARN_COMMA = YES;
				CLANG_WARN_CONSTANT_CONVERSION = YES;
				CLANG_WARN_DEPRECATED_OBJC_IMPLEMENTATIONS = YES;
				CLANG_WARN_DIRECT_OBJC_ISA_USAGE = YES_ERROR;
				CLANG_WARN_DOCUMENTATION_COMMENTS = YES;
				CLANG_WARN_EMPTY_BODY = YES;
				CLANG_WARN_ENUM_CONVERSION = YES;
				CLANG_WARN_INFINITE_RECURSION = YES;
				CLANG_WARN_INT_CONVERSION = YES;
				CLANG_WARN_NON_LITERAL_NULL_CONVERSION = YES;
				CLANG_WARN_OBJC_IMPLICIT_RETAIN_SELF = YES;
				CLANG_WARN_OBJC_LITERAL_CONVERSION = YES;
				CLANG_WARN_OBJC_ROOT_CLASS = YES_ERROR;
				CLANG_WARN_RANGE_LOOP_ANALYSIS = YES;
				CLANG_WARN_STRICT_PROTOTYPES = YES;
				CLANG_WARN_SUSPICIOUS_MOVE = YES;
				CLANG_WARN_UNGUARDED_AVAILABILITY = YES_AGGRESSIVE;
				CLANG_WARN_UNREACHABLE_CODE = YES;
				CLANG_WARN__DUPLICATE_METHOD_MATCH = YES;
				COPY_PHASE_STRIP = NO;
				DEBUG_INFORMATION_FORMAT = "dwarf-with-dsym";
				ENABLE_NS_ASSERTIONS = NO;
				ENABLE_STRICT_OBJC_MSGSEND = YES;
				GCC_C_LANGUAGE_STANDARD = gnu11;
				GCC_NO_COMMON_BLOCKS = YES;
				GCC_WARN_64_TO_32_BIT_CONVERSION = YES;
				GCC_WARN_ABOUT_RETURN_TYPE = YES_ERROR;
				GCC_WARN_UNDECLARED_SELECTOR = YES;
				GCC_WARN_UNINITIALIZED_AUTOS = YES_AGGRESSIVE;
				GCC_WARN_UNUSED_FUNCTION = YES;
				GCC_WARN_UNUSED_VARIABLE = YES;
				IPHONEOS_DEPLOYMENT_TARGET = 13.0;
				MTL_ENABLE_DEBUG_INFO = NO;
				MTL_FAST_MATH = YES;
				SDKROOT = iphoneos;
				SWIFT_COMPILATION_MODE = wholemodule;
				SWIFT_OPTIMIZATION_LEVEL = "-O";
				VALIDATE_PRODUCT = YES;
			};
			name = Release;
		};
		642BCFFA23607BC400125694 /* Debug */ = {
			isa = XCBuildConfiguration;
			buildSettings = {
				ASSETCATALOG_COMPILER_APPICON_NAME = AppIcon;
				CODE_SIGN_STYLE = Automatic;
				INFOPLIST_FILE = mastermind/Info.plist;
				LD_RUNPATH_SEARCH_PATHS = (
					"$(inherited)",
					"@executable_path/Frameworks",
				);
				PRODUCT_BUNDLE_IDENTIFIER = com.andrewlawler.mastermind;
				PRODUCT_NAME = "$(TARGET_NAME)";
				SWIFT_VERSION = 5.0;
				TARGETED_DEVICE_FAMILY = "1,2";
			};
			name = Debug;
		};
		642BCFFB23607BC400125694 /* Release */ = {
			isa = XCBuildConfiguration;
			buildSettings = {
				ASSETCATALOG_COMPILER_APPICON_NAME = AppIcon;
				CODE_SIGN_STYLE = Automatic;
				INFOPLIST_FILE = mastermind/Info.plist;
				LD_RUNPATH_SEARCH_PATHS = (
					"$(inherited)",
					"@executable_path/Frameworks",
				);
				PRODUCT_BUNDLE_IDENTIFIER = com.andrewlawler.mastermind;
				PRODUCT_NAME = "$(TARGET_NAME)";
				SWIFT_VERSION = 5.0;
				TARGETED_DEVICE_FAMILY = "1,2";
			};
			name = Release;
		};
/* End XCBuildConfiguration section */

/* Begin XCConfigurationList section */
		642BCFE023607BC300125694 /* Build configuration list for PBXProject "mastermind" */ = {
			isa = XCConfigurationList;
			buildConfigurations = (
				642BCFF723607BC400125694 /* Debug */,
				642BCFF823607BC400125694 /* Release */,
			);
			defaultConfigurationIsVisible = 0;
			defaultConfigurationName = Release;
		};
		642BCFF923607BC400125694 /* Build configuration list for PBXNativeTarget "mastermind" */ = {
			isa = XCConfigurationList;
			buildConfigurations = (
				642BCFFA23607BC400125694 /* Debug */,
				642BCFFB23607BC400125694 /* Release */,
			);
			defaultConfigurationIsVisible = 0;
			defaultConfigurationName = Release;
		};
/* End XCConfigurationList section */
	};
	rootObject = 642BCFDD23607BC300125694 /* Project object */;
}
